
Microsoft Visual Studio Solution File, Format Version 9.00
# Visual Studio 2005
Project("{FAE04EC0-301F-11D3-BF4B-00C04F79EFBC}") = "BuckRogers.Engine", "Engine\BuckRogers.Engine.csproj", "{119BEE7C-25A5-4F32-B15F-7F81C48EEB62}"
EndProject
Project("{FAE04EC0-301F-11D3-BF4B-00C04F79EFBC}") = "BuckRogers.Interface", "Interface\BuckRogers.Interface.csproj", "{7F093CFB-59C1-4A60-94A1-2AF611A68E52}"
EndProject
Global
	GlobalSection(SolutionConfigurationPlatforms) = preSolution
		Debug|Any CPU = Debug|Any CPU
		Release|Any CPU = Release|Any CPU
	EndGlobalSection
	GlobalSection(ProjectConfigurationPlatforms) = postSolution
		{119BEE7C-25A5-4F32-B15F-7F81C48EEB62}.Debug|Any CPU.ActiveCfg = Debug|Any CPU
		{119BEE7C-25A5-4F32-B15F-7F81C48EEB62}.Debug|Any CPU.Build.0 = Debug|Any CPU
		{119BEE7C-25A5-4F32-B15F-7F81C48EEB62}.Release|Any CPU.ActiveCfg = Release|Any CPU
		{119BEE7C-25A5-4F32-B15F-7F81C48EEB62}.Release|Any CPU.Build.0 = Release|Any CPU
		{7F093CFB-59C1-4A60-94A1-2AF611A68E52}.Debug|Any CPU.ActiveCfg = Debug|Any CPU
		{7F093CFB-59C1-4A60-94A1-2AF611A68E52}.Debug|Any CPU.Build.0 = Debug|Any CPU
		{7F093CFB-59C1-4A60-94A1-2AF611A68E52}.Release|Any CPU.ActiveCfg = Release|Any CPU
		{7F093CFB-59C1-4A60-94A1-2AF611A68E52}.Release|Any CPU.Build.0 = Release|Any CPU
	EndGlobalSection
	GlobalSection(SolutionProperties) = preSolution
		HideSolutionNode = FALSE
	EndGlobalSection
EndGlobal
